{
  "files": {
    "axum-towers.gold.json": "77ff589bca69255b6f9aee998c9f8cf2cdbf54d88bd90c083338080fa5b0df41",
    "axum-towers.rubric.yaml": "84abf661976fc44f2ee1ab377956e22f03387bb82e8b63621d3c698b941c11d0",
    "axum-towers.yaml": "1321a1050c39b2853721e12100c19b828f068c14072da8aa1ff6e59c017868a9",
    "flask-blueprints.gold.json": "ef17a2086ef65f706514f8924ffdbf0388923646e00f2b2b67e1934d8c777628",
    "flask-blueprints.rubric.yaml": "bfabd392a49a1ffb7a5e8836da9c46207fd75d9686c2f9f97aeb75346827b0ec",
    "flask-blueprints.yaml": "4c6cf146f6078e8940866aef134d9e85b8ed3660d827602a949e8e1442a45b21",
    "sense-mcp-flow.gold.json": "2aa33810a798d3e45b051b11804608b8732b7242d857dda7d72bfeff923310e4",
    "sense-mcp-flow.rubric.yaml": "7fa2d77c7404ffebeb0b9e49845b25e9e90578ed58ff068ea9cf718790ea3f9e",
    "sense-mcp-flow.yaml": "767107ef2e9c6cb3bdea1f8ed8773a99e4e570f9c92fcf63d39e9976cab4d8ef",
    "transcripts/baseline/axum/claude.log": "e3b0c44298fc1c149afbf4c8996fb92427ae41e4649b934ca495991b7852b855",
    "transcripts/baseline/axum/run_meta.json": "88deb608b12aecabbe8ba1559175b9eb9f8bcc19b7e86d769ba0af906711de79",
    "transcripts/baseline/axum/transcript.json": "71ceccd4c258ac4173eda0ec6f363f6e1b4fa7497db5be5f88463c8b560d2f15",
    "transcripts/baseline/flask/claude.log": "e3b0c44298fc1c149afbf4c8996fb92427ae41e4649b934ca495991b7852b855",
    "transcripts/baseline/flask/run_meta.json": "ce8fa80910917250cebe8018066a6aec84963aa45bc70dd78963decb50f3d0c2",
    "transcripts/baseline/flask/transcript.json": "9cf208ca26b354eeac15d2ed9932afe3178b61ebbf1492288e62c3daa348b4bc",
    "transcripts/baseline/sense/claude.log": "e3b0c44298fc1c149afbf4c8996fb92427ae41e4649b934ca495991b7852b855",
    "transcripts/baseline/sense/run_meta.json": "fb976940b73822037b2439d3dcf87ac521b8fea03ac40f2acefb0e6bf072e95f",
    "transcripts/baseline/sense/transcript.json": "6fa53ff228aa3b74a25c643f532831a11e2f8db236e4527150eca86402eda9ff",
    "transcripts/sense/axum/claude.log": "e3b0c44298fc1c149afbf4c8996fb92427ae41e4649b934ca495991b7852b855",
    "transcripts/sense/axum/run_meta.json": "9a637982d1f7b16762ff00c5773f92e583759f4945d941d9a9faba936fd68d60",
    "transcripts/sense/axum/transcript.json": "b5c7e6f00f2f0e9885f4703cd422d0700118bb5ddcb3e83408fb720ffc147e6f",
    "transcripts/sense/flask/claude.log": "e3b0c44298fc1c149afbf4c8996fb92427ae41e4649b934ca495991b7852b855",
    "transcripts/sense/flask/run_meta.json": "e34a99f3fe78544816765ee2053ae4f95a55dc064f0bdfefe7521032762fcfe3",
    "transcripts/sense/flask/transcript.json": "3e69751d7abbf64b0762568cf796c9d43e7dce7c7095a30900c0f549bea0df5c",
    "transcripts/sense/sense/claude.log": "e3b0c44298fc1c149afbf4c8996fb92427ae41e4649b934ca495991b7852b855",
    "transcripts/sense/sense/run_meta.json": "d944e6aefcfd6c3736827fb5613158130e7df8ba0cf90b309ca19f0b9a4816d7",
    "transcripts/sense/sense/transcript.json": "ffb58d60cd0f0eb319a08293a6404cf376a4966969f19a41c412c3959c0ded4a"
  },
  "held_out_dir": "bench2/scenarios/held-out",
  "schema_version": 1
}
